
Microsoft Visual Studio Solution File, Format Version 12.00
# Visual Studio Version 17
VisualStudioVersion = 17.13.35931.197 d17.13
MinimumVisualStudioVersion = 10.0.40219.1
Project("{FAE04EC0-301F-11D3-BF4B-00C04F79EFBC}") = "student_registration", "student_registration.csproj", "{499CD52A-F14E-477D-90D3-656651F926DA}"
EndProject
Global
	GlobalSection(SolutionConfigurationPlatforms) = preSolution
		Debug|Any CPU = Debug|Any CPU
		Release|Any CPU = Release|Any CPU
	EndGlobalSection
	GlobalSection(ProjectConfigurationPlatforms) = postSolution
		{499CD52A-F14E-477D-90D3-656651F926DA}.Debug|Any CPU.ActiveCfg = Debug|Any CPU
		{499CD52A-F14E-477D-90D3-656651F926DA}.Debug|Any CPU.Build.0 = Debug|Any CPU
		{499CD52A-F14E-477D-90D3-656651F926DA}.Release|Any CPU.ActiveCfg = Release|Any CPU
		{499CD52A-F14E-477D-90D3-656651F926DA}.Release|Any CPU.Build.0 = Release|Any CPU
	EndGlobalSection
	GlobalSection(SolutionProperties) = preSolution
		HideSolutionNode = FALSE
	EndGlobalSection
	GlobalSection(ExtensibilityGlobals) = postSolution
		SolutionGuid = {E14806B2-7AF0-4E0F-A04D-7099168A39A4}
	EndGlobalSection
EndGlobal
